
Microsoft Visual Studio Solution File, Format Version 12.00
# Visual Studio Version 16
VisualStudioVersion = 16.0.29215.179
MinimumVisualStudioVersion = 10.0.40219.1
Project("{9A19103F-16F7-4668-BE54-9A1E7A4F7556}") = "Botty", "Botty\Botty.csproj", "{1A2B4535-6553-45C8-B4B3-576B5ADD9CE4}"
EndProject
Project("{FAE04EC0-301F-11D3-BF4B-00C04F79EFBC}") = "DB", "DB\DB.csproj", "{6172EC90-2A1B-45C8-9EAF-3194C58EFAF9}"
EndProject
Global
	GlobalSection(SolutionConfigurationPlatforms) = preSolution
		Debug|Any CPU = Debug|Any CPU
		Release|Any CPU = Release|Any CPU
	EndGlobalSection
	GlobalSection(ProjectConfigurationPlatforms) = postSolution
		{1A2B4535-6553-45C8-B4B3-576B5ADD9CE4}.Debug|Any CPU.ActiveCfg = Debug|Any CPU
		{1A2B4535-6553-45C8-B4B3-576B5ADD9CE4}.Debug|Any CPU.Build.0 = Debug|Any CPU
		{1A2B4535-6553-45C8-B4B3-576B5ADD9CE4}.Release|Any CPU.ActiveCfg = Release|Any CPU
		{1A2B4535-6553-45C8-B4B3-576B5ADD9CE4}.Release|Any CPU.Build.0 = Release|Any CPU
		{6172EC90-2A1B-45C8-9EAF-3194C58EFAF9}.Debug|Any CPU.ActiveCfg = Debug|Any CPU
		{6172EC90-2A1B-45C8-9EAF-3194C58EFAF9}.Debug|Any CPU.Build.0 = Debug|Any CPU
		{6172EC90-2A1B-45C8-9EAF-3194C58EFAF9}.Release|Any CPU.ActiveCfg = Release|Any CPU
		{6172EC90-2A1B-45C8-9EAF-3194C58EFAF9}.Release|Any CPU.Build.0 = Release|Any CPU
	EndGlobalSection
	GlobalSection(SolutionProperties) = preSolution
		HideSolutionNode = FALSE
	EndGlobalSection
	GlobalSection(ExtensibilityGlobals) = postSolution
		SolutionGuid = {A0FC252B-007B-4D07-B5D1-8365C5B25E77}
	EndGlobalSection
EndGlobal
